
Microsoft Visual Studio Solution File, Format Version 12.00
# Visual Studio Version 17
VisualStudioVersion = 17.1.32407.343
MinimumVisualStudioVersion = 10.0.40219.1
Project("{FAE04EC0-301F-11D3-BF4B-00C04F79EFBC}") = "Estimation", "Estimation\Estimation.csproj", "{51D4759B-ECF6-413D-97EF-FFA63F5A4C58}"
EndProject
Global
	GlobalSection(SolutionConfigurationPlatforms) = preSolution
		Debug|Any CPU = Debug|Any CPU
		Release|Any CPU = Release|Any CPU
	EndGlobalSection
	GlobalSection(ProjectConfigurationPlatforms) = postSolution
		{51D4759B-ECF6-413D-97EF-FFA63F5A4C58}.Debug|Any CPU.ActiveCfg = Debug|Any CPU
		{51D4759B-ECF6-413D-97EF-FFA63F5A4C58}.Debug|Any CPU.Build.0 = Debug|Any CPU
		{51D4759B-ECF6-413D-97EF-FFA63F5A4C58}.Release|Any CPU.ActiveCfg = Release|Any CPU
		{51D4759B-ECF6-413D-97EF-FFA63F5A4C58}.Release|Any CPU.Build.0 = Release|Any CPU
	EndGlobalSection
	GlobalSection(SolutionProperties) = preSolution
		HideSolutionNode = FALSE
	EndGlobalSection
	GlobalSection(ExtensibilityGlobals) = postSolution
		SolutionGuid = {B28F41E4-935A-4CA5-B767-F30B154FF8F5}
	EndGlobalSection
EndGlobal
